// !$*UTF8*$!
{
	archiveVersion = 1;
	classes = {
	};
	objectVersion = 46;
	objects = {

/* Begin PBXBuildFile section */
		BEFB55E11A837C0C002EF3F2 /* main.m in Sources */ = {isa = PBXBuildFile; fileRef = BEFB55E01A837C0C002EF3F2 /* main.m */; };
		BEFB55E41A837C0C002EF3F2 /* AppDelegate.m in Sources */ = {isa = PBXBuildFile; fileRef = BEFB55E31A837C0C002EF3F2 /* AppDelegate.m */; };
		BEFB55E71A837C0C002EF3F2 /* ViewController.m in Sources */ = {isa = PBXBuildFile; fileRef = BEFB55E61A837C0C002EF3F2 /* ViewController.m */; };
		BEFB55EA1A837C0C002EF3F2 /* Main.storyboard in Resources */ = {isa = PBXBuildFile; fileRef = BEFB55E81A837C0C002EF3F2 /* Main.storyboard */; };
		BEFB55EC1A837C0C002EF3F2 /* Images.xcassets in Resources */ = {isa = PBXBuildFile; fileRef = BEFB55EB1A837C0C002EF3F2 /* Images.xcassets */; };
		BEFB55EF1A837C0C002EF3F2 /* LaunchScreen.xib in Resources */ = {isa = PBXBuildFile; fileRef = BEFB55ED1A837C0C002EF3F2 /* LaunchScreen.xib */; };
		BEFB55FB1A837C0C002EF3F2 /* JBPerformanceLoggerTests.m in Sources */ = {isa = PBXBuildFile; fileRef = BEFB55FA1A837C0C002EF3F2 /* JBPerformanceLoggerTests.m */; };
/* End PBXBuildFile section */

/* Begin PBXContainerItemProxy section */
		BEFB55F51A837C0C002EF3F2 /* PBXContainerItemProxy */ = {
			isa = PBXContainerItemProxy;
			containerPortal = BEFB55D31A837C0C002EF3F2 /* Project object */;
			proxyType = 1;
			remoteGlobalIDString = BEFB55DA1A837C0C002EF3F2;
			remoteInfo = JBPerformanceLogger;
		};
/* End PBXContainerItemProxy section */

/* Begin PBXFileReference section */
		BEFB55DB1A837C0C002EF3F2 /* JBPerformanceLogger.app */ = {isa = PBXFileReference; explicitFileType = wrapper.application; includeInIndex = 0; path = JBPerformanceLogger.app; sourceTree = BUILT_PRODUCTS_DIR; };
		BEFB55DF1A837C0C002EF3F2 /* Info.plist */ = {isa = PBXFileReference; lastKnownFileType = text.plist.xml; path = Info.plist; sourceTree = "<group>"; };
		BEFB55E01A837C0C002EF3F2 /* main.m */ = {isa = PBXFileReference; lastKnownFileType = sourcecode.c.objc; path = main.m; sourceTree = "<group>"; };
		BEFB55E21A837C0C002EF3F2 /* AppDelegate.h */ = {isa = PBXFileReference; lastKnownFileType = sourcecode.c.h; path = AppDelegate.h; sourceTree = "<group>"; };
		BEFB55E31A837C0C002EF3F2 /* AppDelegate.m */ = {isa = PBXFileReference; lastKnownFileType = sourcecode.c.objc; path = AppDelegate.m; sourceTree = "<group>"; };
		BEFB55E51A837C0C002EF3F2 /* ViewController.h */ = {isa = PBXFileReference; lastKnownFileType = sourcecode.c.h; path = ViewController.h; sourceTree = "<group>"; };
		BEFB55E61A837C0C002EF3F2 /* ViewController.m */ = {isa = PBXFileReference; lastKnownFileType = sourcecode.c.objc; path = ViewController.m; sourceTree = "<group>"; };
		BEFB55E91A837C0C002EF3F2 /* Base */ = {isa = PBXFileReference; lastKnownFileType = file.storyboard; name = Base; path = Base.lproj/Main.storyboard; sourceTree = "<group>"; };
		BEFB55EB1A837C0C002EF3F2 /* Images.xcassets */ = {isa = PBXFileReference; lastKnownFileType = folder.assetcatalog; path = Images.xcassets; sourceTree = "<group>"; };
		BEFB55EE1A837C0C002EF3F2 /* Base */ = {isa = PBXFileReference; lastKnownFileType = file.xib; name = Base; path = Base.lproj/LaunchScreen.xib; sourceTree = "<group>"; };
		BEFB55F41A837C0C002EF3F2 /* JBPerformanceLoggerTests.xctest */ = {isa = PBXFileReference; explicitFileType = wrapper.cfbundle; includeInIndex = 0; path = JBPerformanceLoggerTests.xctest; sourceTree = BUILT_PRODUCTS_DIR; };
		BEFB55F91A837C0C002EF3F2 /* Info.plist */ = {isa = PBXFileReference; lastKnownFileType = text.plist.xml; path = Info.plist; sourceTree = "<group>"; };
		BEFB55FA1A837C0C002EF3F2 /* JBPerformanceLoggerTests.m */ = {isa = PBXFileReference; lastKnownFileType = sourcecode.c.objc; path = JBPerformanceLoggerTests.m; sourceTree = "<group>"; };
/* End PBXFileReference section */

/* Begin PBXFrameworksBuildPhase section */
		BEFB55D81A837C0C002EF3F2 /* Frameworks */ = {
			isa = PBXFrameworksBuildPhase;
			buildActionMask = 2147483647;
			files = (
			);
			runOnlyForDeploymentPostprocessing = 0;
		};
		BEFB55F11A837C0C002EF3F2 /* Frameworks */ = {
			isa = PBXFrameworksBuildPhase;
			buildActionMask = 2147483647;
			files = (
			);
			runOnlyForDeploymentPostprocessing = 0;
		};
/* End PBXFrameworksBuildPhase section */

/* Begin PBXGroup section */
		BEFB55D21A837C0C002EF3F2 = {
			isa = PBXGroup;
			children = (
				BEFB55DD1A837C0C002EF3F2 /* JBPerformanceLogger */,
				BEFB55F71A837C0C002EF3F2 /* JBPerformanceLoggerTests */,
				BEFB55DC1A837C0C002EF3F2 /* Products */,
			);
			sourceTree = "<group>";
		};
		BEFB55DC1A837C0C002EF3F2 /* Products */ = {
			isa = PBXGroup;
			children = (
				BEFB55DB1A837C0C002EF3F2 /* JBPerformanceLogger.app */,
				BEFB55F41A837C0C002EF3F2 /* JBPerformanceLoggerTests.xctest */,
			);
			name = Products;
			sourceTree = "<group>";
		};
		BEFB55DD1A837C0C002EF3F2 /* JBPerformanceLogger */ = {
			isa = PBXGroup;
			children = (
				BEFB55E21A837C0C002EF3F2 /* AppDelegate.h */,
				BEFB55E31A837C0C002EF3F2 /* AppDelegate.m */,
				BEFB55E51A837C0C002EF3F2 /* ViewController.h */,
				BEFB55E61A837C0C002EF3F2 /* ViewController.m */,
				BEFB55E81A837C0C002EF3F2 /* Main.storyboard */,
				BEFB55EB1A837C0C002EF3F2 /* Images.xcassets */,
				BEFB55ED1A837C0C002EF3F2 /* LaunchScreen.xib */,
				BEFB55DE1A837C0C002EF3F2 /* Supporting Files */,
			);
			path = JBPerformanceLogger;
			sourceTree = "<group>";
		};
		BEFB55DE1A837C0C002EF3F2 /* Supporting Files */ = {
			isa = PBXGroup;
			children = (
				BEFB55DF1A837C0C002EF3F2 /* Info.plist */,
				BEFB55E01A837C0C002EF3F2 /* main.m */,
			);
			name = "Supporting Files";
			sourceTree = "<group>";
		};
		BEFB55F71A837C0C002EF3F2 /* JBPerformanceLoggerTests */ = {
			isa = PBXGroup;
			children = (
				BEFB55FA1A837C0C002EF3F2 /* JBPerformanceLoggerTests.m */,
				BEFB55F81A837C0C002EF3F2 /* Supporting Files */,
			);
			path = JBPerformanceLoggerTests;
			sourceTree = "<group>";
		};
		BEFB55F81A837C0C002EF3F2 /* Supporting Files */ = {
			isa = PBXGroup;
			children = (
				BEFB55F91A837C0C002EF3F2 /* Info.plist */,
			);
			name = "Supporting Files";
			sourceTree = "<group>";
		};
/* End PBXGroup section */

/* Begin PBXNativeTarget section */
		BEFB55DA1A837C0C002EF3F2 /* JBPerformanceLogger */ = {
			isa = PBXNativeTarget;
			buildConfigurationList = BEFB55FE1A837C0C002EF3F2 /* Build configuration list for PBXNativeTarget "JBPerformanceLogger" */;
			buildPhases = (
				BEFB55D71A837C0C002EF3F2 /* Sources */,
				BEFB55D81A837C0C002EF3F2 /* Frameworks */,
				BEFB55D91A837C0C002EF3F2 /* Resources */,
			);
			buildRules = (
			);
			dependencies = (
			);
			name = JBPerformanceLogger;
			productName = JBPerformanceLogger;
			productReference = BEFB55DB1A837C0C002EF3F2 /* JBPerformanceLogger.app */;
			productType = "com.apple.product-type.application";
		};
		BEFB55F31A837C0C002EF3F2 /* JBPerformanceLoggerTests */ = {
			isa = PBXNativeTarget;
			buildConfigurationList = BEFB56011A837C0C002EF3F2 /* Build configuration list for PBXNativeTarget "JBPerformanceLoggerTests" */;
			buildPhases = (
				BEFB55F01A837C0C002EF3F2 /* Sources */,
				BEFB55F11A837C0C002EF3F2 /* Frameworks */,
				BEFB55F21A837C0C002EF3F2 /* Resources */,
			);
			buildRules = (
			);
			dependencies = (
				BEFB55F61A837C0C002EF3F2 /* PBXTargetDependency */,
			);
			name = JBPerformanceLoggerTests;
			productName = JBPerformanceLoggerTests;
			productReference = BEFB55F41A837C0C002EF3F2 /* JBPerformanceLoggerTests.xctest */;
			productType = "com.apple.product-type.bundle.unit-test";
		};
/* End PBXNativeTarget section */

/* Begin PBXProject section */
		BEFB55D31A837C0C002EF3F2 /* Project object */ = {
			isa = PBXProject;
			attributes = {
				LastUpgradeCheck = 0610;
				ORGANIZATIONNAME = "Josip Bernat";
				TargetAttributes = {
					BEFB55DA1A837C0C002EF3F2 = {
						CreatedOnToolsVersion = 6.1.1;
					};
					BEFB55F31A837C0C002EF3F2 = {
						CreatedOnToolsVersion = 6.1.1;
						TestTargetID = BEFB55DA1A837C0C002EF3F2;
					};
				};
			};
			buildConfigurationList = BEFB55D61A837C0C002EF3F2 /* Build configuration list for PBXProject "JBPerformanceLogger" */;
			compatibilityVersion = "Xcode 3.2";
			developmentRegion = English;
			hasScannedForEncodings = 0;
			knownRegions = (
				en,
				Base,
			);
			mainGroup = BEFB55D21A837C0C002EF3F2;
			productRefGroup = BEFB55DC1A837C0C002EF3F2 /* Products */;
			projectDirPath = "";
			projectRoot = "";
			targets = (
				BEFB55DA1A837C0C002EF3F2 /* JBPerformanceLogger */,
				BEFB55F31A837C0C002EF3F2 /* JBPerformanceLoggerTests */,
			);
		};
/* End PBXProject section */

/* Begin PBXResourcesBuildPhase section */
		BEFB55D91A837C0C002EF3F2 /* Resources */ = {
			isa = PBXResourcesBuildPhase;
			buildActionMask = 2147483647;
			files = (
				BEFB55EA1A837C0C002EF3F2 /* Main.storyboard in Resources */,
				BEFB55EF1A837C0C002EF3F2 /* LaunchScreen.xib in Resources */,
				BEFB55EC1A837C0C002EF3F2 /* Images.xcassets in Resources */,
			);
			runOnlyForDeploymentPostprocessing = 0;
		};
		BEFB55F21A837C0C002EF3F2 /* Resources */ = {
			isa = PBXResourcesBuildPhase;
			buildActionMask = 2147483647;
			files = (
			);
			runOnlyForDeploymentPostprocessing = 0;
		};
/* End PBXResourcesBuildPhase section */

/* Begin PBXSourcesBuildPhase section */
		BEFB55D71A837C0C002EF3F2 /* Sources */ = {
			isa = PBXSourcesBuildPhase;
			buildActionMask = 2147483647;
			files = (
				BEFB55E71A837C0C002EF3F2 /* ViewController.m in Sources */,
				BEFB55E41A837C0C002EF3F2 /* AppDelegate.m in Sources */,
				BEFB55E11A837C0C002EF3F2 /* main.m in Sources */,
			);
			runOnlyForDeploymentPostprocessing = 0;
		};
		BEFB55F01A837C0C002EF3F2 /* Sources */ = {
			isa = PBXSourcesBuildPhase;
			buildActionMask = 2147483647;
			files = (
				BEFB55FB1A837C0C002EF3F2 /* JBPerformanceLoggerTests.m in Sources */,
			);
			runOnlyForDeploymentPostprocessing = 0;
		};
/* End PBXSourcesBuildPhase section */

/* Begin PBXTargetDependency section */
		BEFB55F61A837C0C002EF3F2 /* PBXTargetDependency */ = {
			isa = PBXTargetDependency;
			target = BEFB55DA1A837C0C002EF3F2 /* JBPerformanceLogger */;
			targetProxy = BEFB55F51A837C0C002EF3F2 /* PBXContainerItemProxy */;
		};
/* End PBXTargetDependency section */

/* Begin PBXVariantGroup section */
		BEFB55E81A837C0C002EF3F2 /* Main.storyboard */ = {
			isa = PBXVariantGroup;
			children = (
				BEFB55E91A837C0C002EF3F2 /* Base */,
			);
			name = Main.storyboard;
			sourceTree = "<group>";
		};
		BEFB55ED1A837C0C002EF3F2 /* LaunchScreen.xib */ = {
			isa = PBXVariantGroup;
			children = (
				BEFB55EE1A837C0C002EF3F2 /* Base */,
			);
			name = LaunchScreen.xib;
			sourceTree = "<group>";
		};
/* End PBXVariantGroup section */

/* Begin XCBuildConfiguration section */
		BEFB55FC1A837C0C002EF3F2 /* Debug */ = {
			isa = XCBuildConfiguration;
			buildSettings = {
				ALWAYS_SEARCH_USER_PATHS = NO;
				CLANG_CXX_LANGUAGE_STANDARD = "gnu++0x";
				CLANG_CXX_LIBRARY = "libc++";
				CLANG_ENABLE_MODULES = YES;
				CLANG_ENABLE_OBJC_ARC = YES;
				CLANG_WARN_BOOL_CONVERSION = YES;
				CLANG_WARN_CONSTANT_CONVERSION = YES;
				CLANG_WARN_DIRECT_OBJC_ISA_USAGE = YES_ERROR;
				CLANG_WARN_EMPTY_BODY = YES;
				CLANG_WARN_ENUM_CONVERSION = YES;
				CLANG_WARN_INT_CONVERSION = YES;
				CLANG_WARN_OBJC_ROOT_CLASS = YES_ERROR;
				CLANG_WARN_UNREACHABLE_CODE = YES;
				CLANG_WARN__DUPLICATE_METHOD_MATCH = YES;
				"CODE_SIGN_IDENTITY[sdk=iphoneos*]" = "iPhone Developer";
				COPY_PHASE_STRIP = NO;
				ENABLE_STRICT_OBJC_MSGSEND = YES;
				GCC_C_LANGUAGE_STANDARD = gnu99;
				GCC_DYNAMIC_NO_PIC = NO;
				GCC_OPTIMIZATION_LEVEL = 0;
				GCC_PREPROCESSOR_DEFINITIONS = (
					"DEBUG=1",
					"$(inherited)",
				);
				GCC_SYMBOLS_PRIVATE_EXTERN = NO;
				GCC_WARN_64_TO_32_BIT_CONVERSION = YES;
				GCC_WARN_ABOUT_RETURN_TYPE = YES_ERROR;
				GCC_WARN_UNDECLARED_SELECTOR = YES;
				GCC_WARN_UNINITIALIZED_AUTOS = YES_AGGRESSIVE;
				GCC_WARN_UNUSED_FUNCTION = YES;
				GCC_WARN_UNUSED_VARIABLE = YES;
				IPHONEOS_DEPLOYMENT_TARGET = 8.1;
				MTL_ENABLE_DEBUG_INFO = YES;
				ONLY_ACTIVE_ARCH = YES;
				SDKROOT = iphoneos;
			};
			name = Debug;
		};
		BEFB55FD1A837C0C002EF3F2 /* Release */ = {
			isa = XCBuildConfiguration;
			buildSettings = {
				ALWAYS_SEARCH_USER_PATHS = NO;
				CLANG_CXX_LANGUAGE_STANDARD = "gnu++0x";
				CLANG_CXX_LIBRARY = "libc++";
				CLANG_ENABLE_MODULES = YES;
				CLANG_ENABLE_OBJC_ARC = YES;
				CLANG_WARN_BOOL_CONVERSION = YES;
				CLANG_WARN_CONSTANT_CONVERSION = YES;
				CLANG_WARN_DIRECT_OBJC_ISA_USAGE = YES_ERROR;
				CLANG_WARN_EMPTY_BODY = YES;
				CLANG_WARN_ENUM_CONVERSION = YES;
				CLANG_WARN_INT_CONVERSION = YES;
				CLANG_WARN_OBJC_ROOT_CLASS = YES_ERROR;
				CLANG_WARN_UNREACHABLE_CODE = YES;
				CLANG_WARN__DUPLICATE_METHOD_MATCH = YES;
				"CODE_SIGN_IDENTITY[sdk=iphoneos*]" = "iPhone Developer";
				COPY_PHASE_STRIP = YES;
				ENABLE_NS_ASSERTIONS = NO;
				ENABLE_STRICT_OBJC_MSGSEND = YES;
				GCC_C_LANGUAGE_STANDARD = gnu99;
				GCC_WARN_64_TO_32_BIT_CONVERSION = YES;
				GCC_WARN_ABOUT_RETURN_TYPE = YES_ERROR;
				GCC_WARN_UNDECLARED_SELECTOR = YES;
				GCC_WARN_UNINITIALIZED_AUTOS = YES_AGGRESSIVE;
				GCC_WARN_UNUSED_FUNCTION = YES;
				GCC_WARN_UNUSED_VARIABLE = YES;
				IPHONEOS_DEPLOYMENT_TARGET = 8.1;
				MTL_ENABLE_DEBUG_INFO = NO;
				SDKROOT = iphoneos;
				VALIDATE_PRODUCT = YES;
			};
			name = Release;
		};
		BEFB55FF1A837C0C002EF3F2 /* Debug */ = {
			isa = XCBuildConfiguration;
			buildSettings = {
				ASSETCATALOG_COMPILER_APPICON_NAME = AppIcon;
				INFOPLIST_FILE = JBPerformanceLogger/Info.plist;
				LD_RUNPATH_SEARCH_PATHS = "$(inherited) @executable_path/Frameworks";
				PRODUCT_NAME = "$(TARGET_NAME)";
			};
			name = Debug;
		};
		BEFB56001A837C0C002EF3F2 /* Release */ = {
			isa = XCBuildConfiguration;
			buildSettings = {
				ASSETCATALOG_COMPILER_APPICON_NAME = AppIcon;
				INFOPLIST_FILE = JBPerformanceLogger/Info.plist;
				LD_RUNPATH_SEARCH_PATHS = "$(inherited) @executable_path/Frameworks";
				PRODUCT_NAME = "$(TARGET_NAME)";
			};
			name = Release;
		};
		BEFB56021A837C0C002EF3F2 /* Debug */ = {
			isa = XCBuildConfiguration;
			buildSettings = {
				BUNDLE_LOADER = "$(TEST_HOST)";
				FRAMEWORK_SEARCH_PATHS = (
					"$(SDKROOT)/Developer/Library/Frameworks",
					"$(inherited)",
				);
				GCC_PREPROCESSOR_DEFINITIONS = (
					"DEBUG=1",
					"$(inherited)",
				);
				INFOPLIST_FILE = JBPerformanceLoggerTests/Info.plist;
				LD_RUNPATH_SEARCH_PATHS = "$(inherited) @executable_path/Frameworks @loader_path/Frameworks";
				PRODUCT_NAME = "$(TARGET_NAME)";
				TEST_HOST = "$(BUILT_PRODUCTS_DIR)/JBPerformanceLogger.app/JBPerformanceLogger";
			};
			name = Debug;
		};
		BEFB56031A837C0C002EF3F2 /* Release */ = {
			isa = XCBuildConfiguration;
			buildSettings = {
				BUNDLE_LOADER = "$(TEST_HOST)";
				FRAMEWORK_SEARCH_PATHS = (
					"$(SDKROOT)/Developer/Library/Frameworks",
					"$(inherited)",
				);
				INFOPLIST_FILE = JBPerformanceLoggerTests/Info.plist;
				LD_RUNPATH_SEARCH_PATHS = "$(inherited) @executable_path/Frameworks @loader_path/Frameworks";
				PRODUCT_NAME = "$(TARGET_NAME)";
				TEST_HOST = "$(BUILT_PRODUCTS_DIR)/JBPerformanceLogger.app/JBPerformanceLogger";
			};
			name = Release;
		};
/* End XCBuildConfiguration section */

/* Begin XCConfigurationList section */
		BEFB55D61A837C0C002EF3F2 /* Build configuration list for PBXProject "JBPerformanceLogger" */ = {
			isa = XCConfigurationList;
			buildConfigurations = (
				BEFB55FC1A837C0C002EF3F2 /* Debug */,
				BEFB55FD1A837C0C002EF3F2 /* Release */,
			);
			defaultConfigurationIsVisible = 0;
			defaultConfigurationName = Release;
		};
		BEFB55FE1A837C0C002EF3F2 /* Build configuration list for PBXNativeTarget "JBPerformanceLogger" */ = {
			isa = XCConfigurationList;
			buildConfigurations = (
				BEFB55FF1A837C0C002EF3F2 /* Debug */,
				BEFB56001A837C0C002EF3F2 /* Release */,
			);
			defaultConfigurationIsVisible = 0;
		};
		BEFB56011A837C0C002EF3F2 /* Build configuration list for PBXNativeTarget "JBPerformanceLoggerTests" */ = {
			isa = XCConfigurationList;
			buildConfigurations = (
				BEFB56021A837C0C002EF3F2 /* Debug */,
				BEFB56031A837C0C002EF3F2 /* Release */,
			);
			defaultConfigurationIsVisible = 0;
		};
/* End XCConfigurationList section */
	};
	rootObject = BEFB55D31A837C0C002EF3F2 /* Project object */;
}
